
Microsoft Visual Studio Solution File, Format Version 12.00
# Visual Studio 2013
VisualStudioVersion = 12.0.31101.0
MinimumVisualStudioVersion = 10.0.40219.1
Project("{FAE04EC0-301F-11D3-BF4B-00C04F79EFBC}") = "WarmupProblems", "WarmupProblems\WarmupProblems.csproj", "{27BABE54-432E-43E9-8368-09AB3ED008D4}"
EndProject
Project("{FAE04EC0-301F-11D3-BF4B-00C04F79EFBC}") = "SortingProblems", "SortingProblems\SortingProblems.csproj", "{E9C32F3C-2F9A-49EF-8DC4-F6DB9A68683A}"
EndProject
Project("{FAE04EC0-301F-11D3-BF4B-00C04F79EFBC}") = "DynamicProgramming", "DynamicProgramming\DynamicProgramming.csproj", "{13AD1633-BC89-4664-B633-AA51476302B3}"
EndProject
Project("{FAE04EC0-301F-11D3-BF4B-00C04F79EFBC}") = "ZHackerRankTests", "ZHackerRankTests\ZHackerRankTests.csproj", "{3A53E691-D080-4595-B3EB-15D6413E9A44}"
EndProject
Project("{FAE04EC0-301F-11D3-BF4B-00C04F79EFBC}") = "GraphTheory", "GraphTheory\GraphTheory.csproj", "{CA2C3F06-69B4-44F1-9806-54BFF6642F86}"
EndProject
Project("{FAE04EC0-301F-11D3-BF4B-00C04F79EFBC}") = "SearchProblems", "SearchProblems\SearchProblems.csproj", "{95F235B5-039B-4BFB-8C04-B1ADDD65B326}"
EndProject
Project("{FAE04EC0-301F-11D3-BF4B-00C04F79EFBC}") = "DataStructures", "DataStructures\DataStructures.csproj", "{42DEC61A-ED05-4D4E-8164-17B454062FA2}"
EndProject
Project("{FAE04EC0-301F-11D3-BF4B-00C04F79EFBC}") = "Implementation", "Implementation\Implementation.csproj", "{8BB27B48-1080-49E3-8DAD-22921CF1FD44}"
EndProject
Global
	GlobalSection(SolutionConfigurationPlatforms) = preSolution
		Debug|Any CPU = Debug|Any CPU
		Release|Any CPU = Release|Any CPU
	EndGlobalSection
	GlobalSection(ProjectConfigurationPlatforms) = postSolution
		{27BABE54-432E-43E9-8368-09AB3ED008D4}.Debug|Any CPU.ActiveCfg = Debug|Any CPU
		{27BABE54-432E-43E9-8368-09AB3ED008D4}.Debug|Any CPU.Build.0 = Debug|Any CPU
		{27BABE54-432E-43E9-8368-09AB3ED008D4}.Release|Any CPU.ActiveCfg = Release|Any CPU
		{27BABE54-432E-43E9-8368-09AB3ED008D4}.Release|Any CPU.Build.0 = Release|Any CPU
		{E9C32F3C-2F9A-49EF-8DC4-F6DB9A68683A}.Debug|Any CPU.ActiveCfg = Debug|Any CPU
		{E9C32F3C-2F9A-49EF-8DC4-F6DB9A68683A}.Debug|Any CPU.Build.0 = Debug|Any CPU
		{E9C32F3C-2F9A-49EF-8DC4-F6DB9A68683A}.Release|Any CPU.ActiveCfg = Release|Any CPU
		{E9C32F3C-2F9A-49EF-8DC4-F6DB9A68683A}.Release|Any CPU.Build.0 = Release|Any CPU
		{13AD1633-BC89-4664-B633-AA51476302B3}.Debug|Any CPU.ActiveCfg = Debug|Any CPU
		{13AD1633-BC89-4664-B633-AA51476302B3}.Debug|Any CPU.Build.0 = Debug|Any CPU
		{13AD1633-BC89-4664-B633-AA51476302B3}.Release|Any CPU.ActiveCfg = Release|Any CPU
		{13AD1633-BC89-4664-B633-AA51476302B3}.Release|Any CPU.Build.0 = Release|Any CPU
		{3A53E691-D080-4595-B3EB-15D6413E9A44}.Debug|Any CPU.ActiveCfg = Debug|Any CPU
		{3A53E691-D080-4595-B3EB-15D6413E9A44}.Debug|Any CPU.Build.0 = Debug|Any CPU
		{3A53E691-D080-4595-B3EB-15D6413E9A44}.Release|Any CPU.ActiveCfg = Release|Any CPU
		{3A53E691-D080-4595-B3EB-15D6413E9A44}.Release|Any CPU.Build.0 = Release|Any CPU
		{CA2C3F06-69B4-44F1-9806-54BFF6642F86}.Debug|Any CPU.ActiveCfg = Debug|Any CPU
		{CA2C3F06-69B4-44F1-9806-54BFF6642F86}.Debug|Any CPU.Build.0 = Debug|Any CPU
		{CA2C3F06-69B4-44F1-9806-54BFF6642F86}.Release|Any CPU.ActiveCfg = Release|Any CPU
		{CA2C3F06-69B4-44F1-9806-54BFF6642F86}.Release|Any CPU.Build.0 = Release|Any CPU
		{95F235B5-039B-4BFB-8C04-B1ADDD65B326}.Debug|Any CPU.ActiveCfg = Debug|Any CPU
		{95F235B5-039B-4BFB-8C04-B1ADDD65B326}.Debug|Any CPU.Build.0 = Debug|Any CPU
		{95F235B5-039B-4BFB-8C04-B1ADDD65B326}.Release|Any CPU.ActiveCfg = Release|Any CPU
		{95F235B5-039B-4BFB-8C04-B1ADDD65B326}.Release|Any CPU.Build.0 = Release|Any CPU
		{42DEC61A-ED05-4D4E-8164-17B454062FA2}.Debug|Any CPU.ActiveCfg = Debug|Any CPU
		{42DEC61A-ED05-4D4E-8164-17B454062FA2}.Debug|Any CPU.Build.0 = Debug|Any CPU
		{42DEC61A-ED05-4D4E-8164-17B454062FA2}.Release|Any CPU.ActiveCfg = Release|Any CPU
		{42DEC61A-ED05-4D4E-8164-17B454062FA2}.Release|Any CPU.Build.0 = Release|Any CPU
		{8BB27B48-1080-49E3-8DAD-22921CF1FD44}.Debug|Any CPU.ActiveCfg = Debug|Any CPU
		{8BB27B48-1080-49E3-8DAD-22921CF1FD44}.Debug|Any CPU.Build.0 = Debug|Any CPU
		{8BB27B48-1080-49E3-8DAD-22921CF1FD44}.Release|Any CPU.ActiveCfg = Release|Any CPU
		{8BB27B48-1080-49E3-8DAD-22921CF1FD44}.Release|Any CPU.Build.0 = Release|Any CPU
	EndGlobalSection
	GlobalSection(SolutionProperties) = preSolution
		HideSolutionNode = FALSE
	EndGlobalSection
EndGlobal
